# THIS IS AN AUTOGENERATED FILE. DO NOT EDIT THIS FILE DIRECTLY.
# yarn lockfile v1


"@types/react@^19.1.2":
  version "19.1.2"
  resolved "https://registry.yarnpkg.com/@types/react/-/react-19.1.2.tgz#11df86f66f188f212c90ecb537327ec68bfd593f"
  integrity sha512-oxLPMytKchWGbnQM9O7D67uPa9paTNxO7jVoNMXgkkErULBPhPARCfkKL9ytcIJJRGjbsVwW4ugJzyFFvm/Tiw==
  dependencies:
    csstype "^3.0.2"

csstype@^3.0.2:
  version "3.1.3"
  resolved "https://registry.yarnpkg.com/csstype/-/csstype-3.1.3.tgz#d80ff294d114fb0e6ac500fbf85b60137d7eff81"
  integrity sha512-M1uQkMl8rQK/szD0LNhtqxIPLpimGm8sOBwU7lLnCpSbTyY3yeU1Vc7l4KT5zT4s/yOxHH5O7tIuuLOCnLADRw==

dom7@^4.0.6:
  version "4.0.6"
  resolved "https://registry.yarnpkg.com/dom7/-/dom7-4.0.6.tgz#091a51621d7a19ce0fb86045cafb3c10035e97ed"
  integrity sha512-emjdpPLhpNubapLFdjNL9tP06Sr+GZkrIHEXLWvOGsytACUrkbeIdjO5g77m00BrHTznnlcNqgmn7pCN192TBA==
  dependencies:
    ssr-window "^4.0.0"

framework7-react@^8.3.4:
  version "8.3.4"
  resolved "https://registry.yarnpkg.com/framework7-react/-/framework7-react-8.3.4.tgz#8f17eb3cd2c0d81a01917b8e348c55d073442ae5"
  integrity sha512-5nMdMCK0cNXdFIt65v7I5Y0N2kyCm7KseAzFtarPgwOj0vTh2e5Ub0lGWkb+3l6LapGoP78MtGhDj8P7nHrGGw==

framework7@^8.3.4:
  version "8.3.4"
  resolved "https://registry.yarnpkg.com/framework7/-/framework7-8.3.4.tgz#b1745106e1df6ab537bf069192eb34603bb53a16"
  integrity sha512-RKrEeNTxKEzhxJMaw8hLoIZbzHMzLZDFmQlpbxYFUqxyGDH8r6+NFGDCxOFnpkP1VI+L5UsDenrxo8vEzh929Q==
  dependencies:
    dom7 "^4.0.6"
    htm "^3.1.1"
    path-to-regexp "^6.2.0"
    skeleton-elements "^4.0.1"
    ssr-window "^4.0.2"
    swiper "^10.2.0"

htm@^3.1.1:
  version "3.1.1"
  resolved "https://registry.yarnpkg.com/htm/-/htm-3.1.1.tgz#49266582be0dc66ed2235d5ea892307cc0c24b78"
  integrity sha512-983Vyg8NwUE7JkZ6NmOqpCZ+sh1bKv2iYTlUkzlWmA5JD2acKoxd4KVxbMmxX/85mtfdnDmTFoNKcg5DGAvxNQ==

path-to-regexp@^6.2.0:
  version "6.3.0"
  resolved "https://registry.yarnpkg.com/path-to-regexp/-/path-to-regexp-6.3.0.tgz#2b6a26a337737a8e1416f9272ed0766b1c0389f4"
  integrity sha512-Yhpw4T9C6hPpgPeA28us07OJeqZ5EzQTkbfwuhsUg0c237RomFoETJgmp2sa3F/41gfLE6G5cqcYwznmeEeOlQ==

react@^19.1.0:
  version "19.1.0"
  resolved "https://registry.yarnpkg.com/react/-/react-19.1.0.tgz#926864b6c48da7627f004795d6cce50e90793b75"
  integrity sha512-FS+XFBNvn3GTAWq26joslQgWNoFu08F4kl0J4CgdNKADkdSGXQyTCnKteIAJy96Br6YbpEU1LSzV5dYtjMkMDg==

skeleton-elements@^4.0.1:
  version "4.0.1"
  resolved "https://registry.yarnpkg.com/skeleton-elements/-/skeleton-elements-4.0.1.tgz#e9fd1b0ecf6056379c338e2d6bc33b71fb1b3555"
  integrity sha512-T7YSF/Vu/raUcM6v3HiE4VSY/OvrNflg8Dur3Zza6VVJkq4slxm4pJRpGLNhoOfblIPZLQKh1cu7ADKveyqm/Q==

ssr-window@^4.0.0, ssr-window@^4.0.2:
  version "4.0.2"
  resolved "https://registry.yarnpkg.com/ssr-window/-/ssr-window-4.0.2.tgz#dc6b3ee37be86ac0e3ddc60030f7b3bc9b8553be"
  integrity sha512-ISv/Ch+ig7SOtw7G2+qkwfVASzazUnvlDTwypdLoPoySv+6MqlOV10VwPSE6EWkGjhW50lUmghPmpYZXMu/+AQ==

swiper@^10.2.0:
  version "10.3.1"
  resolved "https://registry.yarnpkg.com/swiper/-/swiper-10.3.1.tgz#4d19d7e9d0bd184c30accf2c1b180cfe41b9f4af"
  integrity sha512-24Wk3YUdZHxjc9faID97GTu6xnLNia+adMt6qMTZG/HgdSUt4fS0REsGUXJOgpTED0Amh/j+gRGQxsLayJUlBQ==

typescript@^5.8.3:
  version "5.8.3"
  resolved "https://registry.yarnpkg.com/typescript/-/typescript-5.8.3.tgz#92f8a3e5e3cf497356f4178c34cd65a7f5e8440e"
  integrity sha512-p1diW6TqL9L07nNxvRMM7hMMw4c5XOo/1ibL4aAIGmSAt9slTE1Xgw5KWuof2uTOvCg9BY7ZRi+GaF+7sfgPeQ==
